<?xml version="1.0" encoding="utf-8"?>
<Project ToolsVersion="4.0" xmlns="http://schemas.microsoft.com/developer/msbuild/2003">
  <ItemGroup>
    <Filter Include="Source Files">
      <UniqueIdentifier>{4FC737F1-C7A5-4376-A066-2A32D752A2FF}</UniqueIdentifier>
      <Extensions>cpp;c;cc;cxx;def;odl;idl;hpj;bat;asm;asmx</Extensions>
    </Filter>
    <Filter Include="Header Files">
      <UniqueIdentifier>{93995380-89BD-4b04-88EB-625FBE52EBFB}</UniqueIdentifier>
      <Extensions>h;hh;hpp;hxx;hm;inl;inc;xsd</Extensions>
    </Filter>
    <Filter Include="Resource Files">
      <UniqueIdentifier>{67DA6AB6-F800-4c08-8B7A-83BB121AAD01}</UniqueIdentifier>
      <Extensions>rc;ico;cur;bmp;dlg;rc2;rct;bin;rgs;gif;jpg;jpeg;jpe;resx;tiff;tif;png;wav</Extensions>
    </Filter>
  </ItemGroup>
  <ItemGroup>
    <ClCompile Include="factorwin\App.xaml.cpp">
      <Filter>Source Files</Filter>
    </ClCompile>
    <ClCompile Include="factorwin\FactorNode.cpp">
      <Filter>Source Files</Filter>
    </ClCompile>
    <ClCompile Include="factorwin\FactorQueue.cpp">
      <Filter>Source Files</Filter>
    </ClCompile>
    <ClCompile Include="factorwin\LongNumber.cpp">
      <Filter>Source Files</Filter>
    </ClCompile>
    <ClCompile Include="factorwin\LongNumberDivision.cpp">
      <Filter>Source Files</Filter>
    </ClCompile>
    <ClCompile Include="factorwin\MainPage.xaml.cpp">
      <Filter>Source Files</Filter>
    </ClCompile>
    <ClCompile Include="factorwin\pch.cpp">
      <Filter>Source Files</Filter>
    </ClCompile>
    <ClCompile Include="factorwin\generated files\XamlLibMetadataProvider.g.cpp">
      <Filter>Source Files</Filter>
    </ClCompile>
    <ClCompile Include="factorwin\generated files\XamlTypeInfo.g.cpp">
      <Filter>Source Files</Filter>
    </ClCompile>
    <ClCompile Include="factorwin\generated files\XamlTypeInfo.Impl.g.cpp">
      <Filter>Source Files</Filter>
    </ClCompile>
  </ItemGroup>
  <ItemGroup>
    <ClInclude Include="factorwin\App.xaml.h">
      <Filter>Header Files</Filter>
    </ClInclude>
    <ClInclude Include="factorwin\FactorNode.h">
      <Filter>Header Files</Filter>
    </ClInclude>
    <ClInclude Include="factorwin\FactorQueue.h">
      <Filter>Header Files</Filter>
    </ClInclude>
    <ClInclude Include="factorwin\LongNumber.h">
      <Filter>Header Files</Filter>
    </ClInclude>
    <ClInclude Include="factorwin\LongNumberDivision.h">
      <Filter>Header Files</Filter>
    </ClInclude>
    <ClInclude Include="factorwin\MainPage.xaml.h">
      <Filter>Header Files</Filter>
    </ClInclude>
    <ClInclude Include="factorwin\pch.h">
      <Filter>Header Files</Filter>
    </ClInclude>
    <ClInclude Include="factorwin\generated files\App.g.h">
      <Filter>Header Files</Filter>
    </ClInclude>
    <ClInclude Include="factorwin\generated files\MainPage.g.h">
      <Filter>Header Files</Filter>
    </ClInclude>
    <ClInclude Include="factorwin\generated files\XamlBindingInfo.g.h">
      <Filter>Header Files</Filter>
    </ClInclude>
    <ClInclude Include="factorwin\generated files\XamlTypeInfo.g.h">
      <Filter>Header Files</Filter>
    </ClInclude>
    <ClInclude Include="factorwin\generated files\App.g.hpp">
      <Filter>Header Files</Filter>
    </ClInclude>
    <ClInclude Include="factorwin\generated files\MainPage.g.hpp">
      <Filter>Header Files</Filter>
    </ClInclude>
    <ClInclude Include="factorwin\generated files\XamlBindingInfo.g.hpp">
      <Filter>Header Files</Filter>
    </ClInclude>
  </ItemGroup>
</Project>